// !$*UTF8*$!
{
	archiveVersion = 1;
	classes = {
	};
	objectVersion = 56;
	objects = {

/* Begin PBXBuildFile section */
		571AC6A22A51CBA70078E463 /* SwiftUIFontIcon in Frameworks */ = {isa = PBXBuildFile; productRef = 571AC6A12A51CBA70078E463 /* SwiftUIFontIcon */; };
		571AC6A42A51CCB50078E463 /* transactionListViewModel.swift in Sources */ = {isa = PBXBuildFile; fileRef = 571AC6A32A51CCB50078E463 /* transactionListViewModel.swift */; };
		571AC6A62A51E00B0078E463 /* recentTransactionsList.swift in Sources */ = {isa = PBXBuildFile; fileRef = 571AC6A52A51E00B0078E463 /* recentTransactionsList.swift */; };
		57344BEA2A50BF3000AD9CB1 /* PreviewData.swift in Sources */ = {isa = PBXBuildFile; fileRef = 57344BE92A50BF3000AD9CB1 /* PreviewData.swift */; };
		57344BEC2A50C0FB00AD9CB1 /* TransactionRow.swift in Sources */ = {isa = PBXBuildFile; fileRef = 57344BEB2A50C0FB00AD9CB1 /* TransactionRow.swift */; };
		574CC5442A570D820028A7B3 /* SwiftUICharts in Frameworks */ = {isa = PBXBuildFile; productRef = 574CC5432A570D820028A7B3 /* SwiftUICharts */; };
		57CE89BD2A55BD9600F98093 /* transactionList.swift in Sources */ = {isa = PBXBuildFile; fileRef = 57CE89BC2A55BD9600F98093 /* transactionList.swift */; };
		57CE89C02A55E25600F98093 /* Collections in Frameworks */ = {isa = PBXBuildFile; productRef = 57CE89BF2A55E25600F98093 /* Collections */; };
		57DE14032A50A7FF00FB4A96 /* expenseTrackerApp.swift in Sources */ = {isa = PBXBuildFile; fileRef = 57DE14022A50A7FF00FB4A96 /* expenseTrackerApp.swift */; };
		57DE14052A50A7FF00FB4A96 /* ContentView.swift in Sources */ = {isa = PBXBuildFile; fileRef = 57DE14042A50A7FF00FB4A96 /* ContentView.swift */; };
		57DE14072A50A80000FB4A96 /* Assets.xcassets in Resources */ = {isa = PBXBuildFile; fileRef = 57DE14062A50A80000FB4A96 /* Assets.xcassets */; };
		57DE140A2A50A80000FB4A96 /* Preview Assets.xcassets in Resources */ = {isa = PBXBuildFile; fileRef = 57DE14092A50A80000FB4A96 /* Preview Assets.xcassets */; };
		57DE14112A50AE5A00FB4A96 /* extensions.swift in Sources */ = {isa = PBXBuildFile; fileRef = 57DE14102A50AE5A00FB4A96 /* extensions.swift */; };
		57DE14132A50B7CA00FB4A96 /* transactionModel.swift in Sources */ = {isa = PBXBuildFile; fileRef = 57DE14122A50B7CA00FB4A96 /* transactionModel.swift */; };
/* End PBXBuildFile section */

/* Begin PBXFileReference section */
		571AC6A32A51CCB50078E463 /* transactionListViewModel.swift */ = {isa = PBXFileReference; lastKnownFileType = sourcecode.swift; path = transactionListViewModel.swift; sourceTree = "<group>"; };
		571AC6A52A51E00B0078E463 /* recentTransactionsList.swift */ = {isa = PBXFileReference; lastKnownFileType = sourcecode.swift; path = recentTransactionsList.swift; sourceTree = "<group>"; };
		57344BE92A50BF3000AD9CB1 /* PreviewData.swift */ = {isa = PBXFileReference; lastKnownFileType = sourcecode.swift; path = PreviewData.swift; sourceTree = "<group>"; };
		57344BEB2A50C0FB00AD9CB1 /* TransactionRow.swift */ = {isa = PBXFileReference; lastKnownFileType = sourcecode.swift; path = TransactionRow.swift; sourceTree = "<group>"; };
		57CE89BC2A55BD9600F98093 /* transactionList.swift */ = {isa = PBXFileReference; lastKnownFileType = sourcecode.swift; path = transactionList.swift; sourceTree = "<group>"; };
		57DE13FF2A50A7FF00FB4A96 /* expenseTracker.app */ = {isa = PBXFileReference; explicitFileType = wrapper.application; includeInIndex = 0; path = expenseTracker.app; sourceTree = BUILT_PRODUCTS_DIR; };
		57DE14022A50A7FF00FB4A96 /* expenseTrackerApp.swift */ = {isa = PBXFileReference; lastKnownFileType = sourcecode.swift; path = expenseTrackerApp.swift; sourceTree = "<group>"; };
		57DE14042A50A7FF00FB4A96 /* ContentView.swift */ = {isa = PBXFileReference; lastKnownFileType = sourcecode.swift; path = ContentView.swift; sourceTree = "<group>"; };
		57DE14062A50A80000FB4A96 /* Assets.xcassets */ = {isa = PBXFileReference; lastKnownFileType = folder.assetcatalog; path = Assets.xcassets; sourceTree = "<group>"; };
		57DE14092A50A80000FB4A96 /* Preview Assets.xcassets */ = {isa = PBXFileReference; lastKnownFileType = folder.assetcatalog; path = "Preview Assets.xcassets"; sourceTree = "<group>"; };
		57DE14102A50AE5A00FB4A96 /* extensions.swift */ = {isa = PBXFileReference; lastKnownFileType = sourcecode.swift; path = extensions.swift; sourceTree = "<group>"; };
		57DE14122A50B7CA00FB4A96 /* transactionModel.swift */ = {isa = PBXFileReference; lastKnownFileType = sourcecode.swift; path = transactionModel.swift; sourceTree = "<group>"; };
/* End PBXFileReference section */

/* Begin PBXFrameworksBuildPhase section */
		57DE13FC2A50A7FF00FB4A96 /* Frameworks */ = {
			isa = PBXFrameworksBuildPhase;
			buildActionMask = 2147483647;
			files = (
				574CC5442A570D820028A7B3 /* SwiftUICharts in Frameworks */,
				57CE89C02A55E25600F98093 /* Collections in Frameworks */,
				571AC6A22A51CBA70078E463 /* SwiftUIFontIcon in Frameworks */,
			);
			runOnlyForDeploymentPostprocessing = 0;
		};
/* End PBXFrameworksBuildPhase section */

/* Begin PBXGroup section */
		57DE13F62A50A7FF00FB4A96 = {
			isa = PBXGroup;
			children = (
				57DE14012A50A7FF00FB4A96 /* expenseTracker */,
				57DE14002A50A7FF00FB4A96 /* Products */,
			);
			sourceTree = "<group>";
		};
		57DE14002A50A7FF00FB4A96 /* Products */ = {
			isa = PBXGroup;
			children = (
				57DE13FF2A50A7FF00FB4A96 /* expenseTracker.app */,
			);
			name = Products;
			sourceTree = "<group>";
		};
		57DE14012A50A7FF00FB4A96 /* expenseTracker */ = {
			isa = PBXGroup;
			children = (
				57DE14022A50A7FF00FB4A96 /* expenseTrackerApp.swift */,
				57DE14042A50A7FF00FB4A96 /* ContentView.swift */,
				571AC6A52A51E00B0078E463 /* recentTransactionsList.swift */,
				57CE89BC2A55BD9600F98093 /* transactionList.swift */,
				57344BEB2A50C0FB00AD9CB1 /* TransactionRow.swift */,
				571AC6A32A51CCB50078E463 /* transactionListViewModel.swift */,
				57DE14122A50B7CA00FB4A96 /* transactionModel.swift */,
				57DE14102A50AE5A00FB4A96 /* extensions.swift */,
				57DE14062A50A80000FB4A96 /* Assets.xcassets */,
				57DE14082A50A80000FB4A96 /* Preview Content */,
			);
			path = expenseTracker;
			sourceTree = "<group>";
		};
		57DE14082A50A80000FB4A96 /* Preview Content */ = {
			isa = PBXGroup;
			children = (
				57DE14092A50A80000FB4A96 /* Preview Assets.xcassets */,
				57344BE92A50BF3000AD9CB1 /* PreviewData.swift */,
			);
			path = "Preview Content";
			sourceTree = "<group>";
		};
/* End PBXGroup section */

/* Begin PBXNativeTarget section */
		57DE13FE2A50A7FF00FB4A96 /* expenseTracker */ = {
			isa = PBXNativeTarget;
			buildConfigurationList = 57DE140D2A50A80000FB4A96 /* Build configuration list for PBXNativeTarget "expenseTracker" */;
			buildPhases = (
				57DE13FB2A50A7FF00FB4A96 /* Sources */,
				57DE13FC2A50A7FF00FB4A96 /* Frameworks */,
				57DE13FD2A50A7FF00FB4A96 /* Resources */,
			);
			buildRules = (
			);
			dependencies = (
			);
			name = expenseTracker;
			packageProductDependencies = (
				571AC6A12A51CBA70078E463 /* SwiftUIFontIcon */,
				57CE89BF2A55E25600F98093 /* Collections */,
				574CC5432A570D820028A7B3 /* SwiftUICharts */,
			);
			productName = expenseTracker;
			productReference = 57DE13FF2A50A7FF00FB4A96 /* expenseTracker.app */;
			productType = "com.apple.product-type.application";
		};
/* End PBXNativeTarget section */

/* Begin PBXProject section */
		57DE13F72A50A7FF00FB4A96 /* Project object */ = {
			isa = PBXProject;
			attributes = {
				BuildIndependentTargetsInParallel = 1;
				LastSwiftUpdateCheck = 1430;
				LastUpgradeCheck = 1430;
				TargetAttributes = {
					57DE13FE2A50A7FF00FB4A96 = {
						CreatedOnToolsVersion = 14.3.1;
					};
				};
			};
			buildConfigurationList = 57DE13FA2A50A7FF00FB4A96 /* Build configuration list for PBXProject "expenseTracker" */;
			compatibilityVersion = "Xcode 14.0";
			developmentRegion = en;
			hasScannedForEncodings = 0;
			knownRegions = (
				en,
				Base,
			);
			mainGroup = 57DE13F62A50A7FF00FB4A96;
			packageReferences = (
				571AC6A02A51CBA70078E463 /* XCRemoteSwiftPackageReference "SwiftUIFontIcon" */,
				57CE89BE2A55E25600F98093 /* XCRemoteSwiftPackageReference "swift-collections" */,
				574CC5422A570D820028A7B3 /* XCRemoteSwiftPackageReference "ChartView" */,
			);
			productRefGroup = 57DE14002A50A7FF00FB4A96 /* Products */;
			projectDirPath = "";
			projectRoot = "";
			targets = (
				57DE13FE2A50A7FF00FB4A96 /* expenseTracker */,
			);
		};
/* End PBXProject section */

/* Begin PBXResourcesBuildPhase section */
		57DE13FD2A50A7FF00FB4A96 /* Resources */ = {
			isa = PBXResourcesBuildPhase;
			buildActionMask = 2147483647;
			files = (
				57DE140A2A50A80000FB4A96 /* Preview Assets.xcassets in Resources */,
				57DE14072A50A80000FB4A96 /* Assets.xcassets in Resources */,
			);
			runOnlyForDeploymentPostprocessing = 0;
		};
/* End PBXResourcesBuildPhase section */

/* Begin PBXSourcesBuildPhase section */
		57DE13FB2A50A7FF00FB4A96 /* Sources */ = {
			isa = PBXSourcesBuildPhase;
			buildActionMask = 2147483647;
			files = (
				571AC6A42A51CCB50078E463 /* transactionListViewModel.swift in Sources */,
				57CE89BD2A55BD9600F98093 /* transactionList.swift in Sources */,
				57344BEA2A50BF3000AD9CB1 /* PreviewData.swift in Sources */,
				57DE14132A50B7CA00FB4A96 /* transactionModel.swift in Sources */,
				57DE14052A50A7FF00FB4A96 /* ContentView.swift in Sources */,
				57344BEC2A50C0FB00AD9CB1 /* TransactionRow.swift in Sources */,
				571AC6A62A51E00B0078E463 /* recentTransactionsList.swift in Sources */,
				57DE14032A50A7FF00FB4A96 /* expenseTrackerApp.swift in Sources */,
				57DE14112A50AE5A00FB4A96 /* extensions.swift in Sources */,
			);
			runOnlyForDeploymentPostprocessing = 0;
		};
/* End PBXSourcesBuildPhase section */

/* Begin XCBuildConfiguration section */
		57DE140B2A50A80000FB4A96 /* Debug */ = {
			isa = XCBuildConfiguration;
			buildSettings = {
				ALWAYS_SEARCH_USER_PATHS = NO;
				CLANG_ANALYZER_NONNULL = YES;
				CLANG_ANALYZER_NUMBER_OBJECT_CONVERSION = YES_AGGRESSIVE;
				CLANG_CXX_LANGUAGE_STANDARD = "gnu++20";
				CLANG_ENABLE_MODULES = YES;
				CLANG_ENABLE_OBJC_ARC = YES;
				CLANG_ENABLE_OBJC_WEAK = YES;
				CLANG_WARN_BLOCK_CAPTURE_AUTORELEASING = YES;
				CLANG_WARN_BOOL_CONVERSION = YES;
				CLANG_WARN_COMMA = YES;
				CLANG_WARN_CONSTANT_CONVERSION = YES;
				CLANG_WARN_DEPRECATED_OBJC_IMPLEMENTATIONS = YES;
				CLANG_WARN_DIRECT_OBJC_ISA_USAGE = YES_ERROR;
				CLANG_WARN_DOCUMENTATION_COMMENTS = YES;
				CLANG_WARN_EMPTY_BODY = YES;
				CLANG_WARN_ENUM_CONVERSION = YES;
				CLANG_WARN_INFINITE_RECURSION = YES;
				CLANG_WARN_INT_CONVERSION = YES;
				CLANG_WARN_NON_LITERAL_NULL_CONVERSION = YES;
				CLANG_WARN_OBJC_IMPLICIT_RETAIN_SELF = YES;
				CLANG_WARN_OBJC_LITERAL_CONVERSION = YES;
				CLANG_WARN_OBJC_ROOT_CLASS = YES_ERROR;
				CLANG_WARN_QUOTED_INCLUDE_IN_FRAMEWORK_HEADER = YES;
				CLANG_WARN_RANGE_LOOP_ANALYSIS = YES;
				CLANG_WARN_STRICT_PROTOTYPES = YES;
				CLANG_WARN_SUSPICIOUS_MOVE = YES;
				CLANG_WARN_UNGUARDED_AVAILABILITY = YES_AGGRESSIVE;
				CLANG_WARN_UNREACHABLE_CODE = YES;
				CLANG_WARN__DUPLICATE_METHOD_MATCH = YES;
				COPY_PHASE_STRIP = NO;
				DEBUG_INFORMATION_FORMAT = dwarf;
				ENABLE_STRICT_OBJC_MSGSEND = YES;
				ENABLE_TESTABILITY = YES;
				GCC_C_LANGUAGE_STANDARD = gnu11;
				GCC_DYNAMIC_NO_PIC = NO;
				GCC_NO_COMMON_BLOCKS = YES;
				GCC_OPTIMIZATION_LEVEL = 0;
				GCC_PREPROCESSOR_DEFINITIONS = (
					"DEBUG=1",
					"$(inherited)",
				);
				GCC_WARN_64_TO_32_BIT_CONVERSION = YES;
				GCC_WARN_ABOUT_RETURN_TYPE = YES_ERROR;
				GCC_WARN_UNDECLARED_SELECTOR = YES;
				GCC_WARN_UNINITIALIZED_AUTOS = YES_AGGRESSIVE;
				GCC_WARN_UNUSED_FUNCTION = YES;
				GCC_WARN_UNUSED_VARIABLE = YES;
				IPHONEOS_DEPLOYMENT_TARGET = 16.4;
				MTL_ENABLE_DEBUG_INFO = INCLUDE_SOURCE;
				MTL_FAST_MATH = YES;
				ONLY_ACTIVE_ARCH = YES;
				SDKROOT = iphoneos;
				SWIFT_ACTIVE_COMPILATION_CONDITIONS = DEBUG;
				SWIFT_OPTIMIZATION_LEVEL = "-Onone";
			};
			name = Debug;
		};
		57DE140C2A50A80000FB4A96 /* Release */ = {
			isa = XCBuildConfiguration;
			buildSettings = {
				ALWAYS_SEARCH_USER_PATHS = NO;
				CLANG_ANALYZER_NONNULL = YES;
				CLANG_ANALYZER_NUMBER_OBJECT_CONVERSION = YES_AGGRESSIVE;
				CLANG_CXX_LANGUAGE_STANDARD = "gnu++20";
				CLANG_ENABLE_MODULES = YES;
				CLANG_ENABLE_OBJC_ARC = YES;
				CLANG_ENABLE_OBJC_WEAK = YES;
				CLANG_WARN_BLOCK_CAPTURE_AUTORELEASING = YES;
				CLANG_WARN_BOOL_CONVERSION = YES;
				CLANG_WARN_COMMA = YES;
				CLANG_WARN_CONSTANT_CONVERSION = YES;
				CLANG_WARN_DEPRECATED_OBJC_IMPLEMENTATIONS = YES;
				CLANG_WARN_DIRECT_OBJC_ISA_USAGE = YES_ERROR;
				CLANG_WARN_DOCUMENTATION_COMMENTS = YES;
				CLANG_WARN_EMPTY_BODY = YES;
				CLANG_WARN_ENUM_CONVERSION = YES;
				CLANG_WARN_INFINITE_RECURSION = YES;
				CLANG_WARN_INT_CONVERSION = YES;
				CLANG_WARN_NON_LITERAL_NULL_CONVERSION = YES;
				CLANG_WARN_OBJC_IMPLICIT_RETAIN_SELF = YES;
				CLANG_WARN_OBJC_LITERAL_CONVERSION = YES;
				CLANG_WARN_OBJC_ROOT_CLASS = YES_ERROR;
				CLANG_WARN_QUOTED_INCLUDE_IN_FRAMEWORK_HEADER = YES;
				CLANG_WARN_RANGE_LOOP_ANALYSIS = YES;
				CLANG_WARN_STRICT_PROTOTYPES = YES;
				CLANG_WARN_SUSPICIOUS_MOVE = YES;
				CLANG_WARN_UNGUARDED_AVAILABILITY = YES_AGGRESSIVE;
				CLANG_WARN_UNREACHABLE_CODE = YES;
				CLANG_WARN__DUPLICATE_METHOD_MATCH = YES;
				COPY_PHASE_STRIP = NO;
				DEBUG_INFORMATION_FORMAT = "dwarf-with-dsym";
				ENABLE_NS_ASSERTIONS = NO;
				ENABLE_STRICT_OBJC_MSGSEND = YES;
				GCC_C_LANGUAGE_STANDARD = gnu11;
				GCC_NO_COMMON_BLOCKS = YES;
				GCC_WARN_64_TO_32_BIT_CONVERSION = YES;
				GCC_WARN_ABOUT_RETURN_TYPE = YES_ERROR;
				GCC_WARN_UNDECLARED_SELECTOR = YES;
				GCC_WARN_UNINITIALIZED_AUTOS = YES_AGGRESSIVE;
				GCC_WARN_UNUSED_FUNCTION = YES;
				GCC_WARN_UNUSED_VARIABLE = YES;
				IPHONEOS_DEPLOYMENT_TARGET = 16.4;
				MTL_ENABLE_DEBUG_INFO = NO;
				MTL_FAST_MATH = YES;
				SDKROOT = iphoneos;
				SWIFT_COMPILATION_MODE = wholemodule;
				SWIFT_OPTIMIZATION_LEVEL = "-O";
				VALIDATE_PRODUCT = YES;
			};
			name = Release;
		};
		57DE140E2A50A80000FB4A96 /* Debug */ = {
			isa = XCBuildConfiguration;
			buildSettings = {
				ASSETCATALOG_COMPILER_APPICON_NAME = AppIcon;
				ASSETCATALOG_COMPILER_GLOBAL_ACCENT_COLOR_NAME = AccentColor;
				CODE_SIGN_STYLE = Automatic;
				CURRENT_PROJECT_VERSION = 1;
				DEVELOPMENT_ASSET_PATHS = "\"expenseTracker/Preview Content\"";
				ENABLE_PREVIEWS = YES;
				GENERATE_INFOPLIST_FILE = YES;
				INFOPLIST_KEY_UIApplicationSceneManifest_Generation = YES;
				INFOPLIST_KEY_UIApplicationSupportsIndirectInputEvents = YES;
				INFOPLIST_KEY_UILaunchScreen_Generation = YES;
				INFOPLIST_KEY_UISupportedInterfaceOrientations_iPad = "UIInterfaceOrientationPortrait UIInterfaceOrientationPortraitUpsideDown UIInterfaceOrientationLandscapeLeft UIInterfaceOrientationLandscapeRight";
				INFOPLIST_KEY_UISupportedInterfaceOrientations_iPhone = "UIInterfaceOrientationPortrait UIInterfaceOrientationLandscapeLeft UIInterfaceOrientationLandscapeRight";
				LD_RUNPATH_SEARCH_PATHS = (
					"$(inherited)",
					"@executable_path/Frameworks",
				);
				MARKETING_VERSION = 1.0;
				PRODUCT_BUNDLE_IDENTIFIER = sreenitya.expenseTracker;
				PRODUCT_NAME = "$(TARGET_NAME)";
				SWIFT_EMIT_LOC_STRINGS = YES;
				SWIFT_VERSION = 5.0;
				TARGETED_DEVICE_FAMILY = "1,2";
			};
			name = Debug;
		};
		57DE140F2A50A80000FB4A96 /* Release */ = {
			isa = XCBuildConfiguration;
			buildSettings = {
				ASSETCATALOG_COMPILER_APPICON_NAME = AppIcon;
				ASSETCATALOG_COMPILER_GLOBAL_ACCENT_COLOR_NAME = AccentColor;
				CODE_SIGN_STYLE = Automatic;
				CURRENT_PROJECT_VERSION = 1;
				DEVELOPMENT_ASSET_PATHS = "\"expenseTracker/Preview Content\"";
				ENABLE_PREVIEWS = YES;
				GENERATE_INFOPLIST_FILE = YES;
				INFOPLIST_KEY_UIApplicationSceneManifest_Generation = YES;
				INFOPLIST_KEY_UIApplicationSupportsIndirectInputEvents = YES;
				INFOPLIST_KEY_UILaunchScreen_Generation = YES;
				INFOPLIST_KEY_UISupportedInterfaceOrientations_iPad = "UIInterfaceOrientationPortrait UIInterfaceOrientationPortraitUpsideDown UIInterfaceOrientationLandscapeLeft UIInterfaceOrientationLandscapeRight";
				INFOPLIST_KEY_UISupportedInterfaceOrientations_iPhone = "UIInterfaceOrientationPortrait UIInterfaceOrientationLandscapeLeft UIInterfaceOrientationLandscapeRight";
				LD_RUNPATH_SEARCH_PATHS = (
					"$(inherited)",
					"@executable_path/Frameworks",
				);
				MARKETING_VERSION = 1.0;
				PRODUCT_BUNDLE_IDENTIFIER = sreenitya.expenseTracker;
				PRODUCT_NAME = "$(TARGET_NAME)";
				SWIFT_EMIT_LOC_STRINGS = YES;
				SWIFT_VERSION = 5.0;
				TARGETED_DEVICE_FAMILY = "1,2";
			};
			name = Release;
		};
/* End XCBuildConfiguration section */

/* Begin XCConfigurationList section */
		57DE13FA2A50A7FF00FB4A96 /* Build configuration list for PBXProject "expenseTracker" */ = {
			isa = XCConfigurationList;
			buildConfigurations = (
				57DE140B2A50A80000FB4A96 /* Debug */,
				57DE140C2A50A80000FB4A96 /* Release */,
			);
			defaultConfigurationIsVisible = 0;
			defaultConfigurationName = Release;
		};
		57DE140D2A50A80000FB4A96 /* Build configuration list for PBXNativeTarget "expenseTracker" */ = {
			isa = XCConfigurationList;
			buildConfigurations = (
				57DE140E2A50A80000FB4A96 /* Debug */,
				57DE140F2A50A80000FB4A96 /* Release */,
			);
			defaultConfigurationIsVisible = 0;
			defaultConfigurationName = Release;
		};
/* End XCConfigurationList section */

/* Begin XCRemoteSwiftPackageReference section */
		571AC6A02A51CBA70078E463 /* XCRemoteSwiftPackageReference "SwiftUIFontIcon" */ = {
			isa = XCRemoteSwiftPackageReference;
			repositoryURL = "https://github.com/huybuidac/SwiftUIFontIcon";
			requirement = {
				branch = master;
				kind = branch;
			};
		};
		574CC5422A570D820028A7B3 /* XCRemoteSwiftPackageReference "ChartView" */ = {
			isa = XCRemoteSwiftPackageReference;
			repositoryURL = "https://github.com/AppPear/ChartView";
			requirement = {
				kind = exactVersion;
				version = "2.0.0-beta.2";
			};
		};
		57CE89BE2A55E25600F98093 /* XCRemoteSwiftPackageReference "swift-collections" */ = {
			isa = XCRemoteSwiftPackageReference;
			repositoryURL = "https://github.com/apple/swift-collections.git";
			requirement = {
				kind = upToNextMajorVersion;
				minimumVersion = 1.0.4;
			};
		};
/* End XCRemoteSwiftPackageReference section */

/* Begin XCSwiftPackageProductDependency section */
		571AC6A12A51CBA70078E463 /* SwiftUIFontIcon */ = {
			isa = XCSwiftPackageProductDependency;
			package = 571AC6A02A51CBA70078E463 /* XCRemoteSwiftPackageReference "SwiftUIFontIcon" */;
			productName = SwiftUIFontIcon;
		};
		574CC5432A570D820028A7B3 /* SwiftUICharts */ = {
			isa = XCSwiftPackageProductDependency;
			package = 574CC5422A570D820028A7B3 /* XCRemoteSwiftPackageReference "ChartView" */;
			productName = SwiftUICharts;
		};
		57CE89BF2A55E25600F98093 /* Collections */ = {
			isa = XCSwiftPackageProductDependency;
			package = 57CE89BE2A55E25600F98093 /* XCRemoteSwiftPackageReference "swift-collections" */;
			productName = Collections;
		};
/* End XCSwiftPackageProductDependency section */
	};
	rootObject = 57DE13F72A50A7FF00FB4A96 /* Project object */;
}
